// !$*UTF8*$!
{
	archiveVersion = 1;
	objectVersion = 56;
	classes = {
	};
	objects = {

/* Begin PBXBuildFile section */
		6E7A00000000000000000021 /* AppDelegate.swift in Sources */ = {isa = PBXBuildFile; fileRef = 6E7A00000000000000000011 /* AppDelegate.swift */; };
		6E7A00000000000000000022 /* HomeViewController.swift in Sources */ = {isa = PBXBuildFile; fileRef = 6E7A00000000000000000012 /* HomeViewController.swift */; };
		6E7A00000000000000000023 /* ClearDemoDataAction.swift in Sources */ = {isa = PBXBuildFile; fileRef = 6E7A00000000000000000013 /* ClearDemoDataAction.swift */; };
		6E7A00000000000000000024 /* CrashSimulator.swift in Sources */ = {isa = PBXBuildFile; fileRef = 6E7A00000000000000000016 /* CrashSimulator.swift */; };
		6E7A00000000000000000025 /* SafeModeLogBuffer.swift in Sources */ = {isa = PBXBuildFile; fileRef = 6E7A00000000000000000017 /* SafeModeLogBuffer.swift */; };
		6E7A00000000000000000071 /* ALLaunchGuard in Frameworks */ = {isa = PBXBuildFile; productRef = 6E7A00000000000000000072 /* ALLaunchGuard */; };
/* End PBXBuildFile section */

/* Begin PBXFileReference section */
		6E7A00000000000000000011 /* AppDelegate.swift */ = {isa = PBXFileReference; lastKnownFileType = sourcecode.swift; path = AppDelegate.swift; sourceTree = "<group>"; };
		6E7A00000000000000000012 /* HomeViewController.swift */ = {isa = PBXFileReference; lastKnownFileType = sourcecode.swift; path = HomeViewController.swift; sourceTree = "<group>"; };
		6E7A00000000000000000013 /* ClearDemoDataAction.swift */ = {isa = PBXFileReference; lastKnownFileType = sourcecode.swift; path = ClearDemoDataAction.swift; sourceTree = "<group>"; };
		6E7A00000000000000000016 /* CrashSimulator.swift */ = {isa = PBXFileReference; lastKnownFileType = sourcecode.swift; path = CrashSimulator.swift; sourceTree = "<group>"; };
		6E7A00000000000000000017 /* SafeModeLogBuffer.swift */ = {isa = PBXFileReference; lastKnownFileType = sourcecode.swift; path = SafeModeLogBuffer.swift; sourceTree = "<group>"; };
		6E7A00000000000000000014 /* Info.plist */ = {isa = PBXFileReference; lastKnownFileType = text.plist.xml; path = Info.plist; sourceTree = "<group>"; };
		6E7A00000000000000000015 /* BasicExample.app */ = {isa = PBXFileReference; explicitFileType = wrapper.application; includeInIndex = 0; path = BasicExample.app; sourceTree = BUILT_PRODUCTS_DIR; };
/* End PBXFileReference section */

/* Begin PBXFrameworksBuildPhase section */
		6E7A00000000000000000032 /* Frameworks */ = {
			isa = PBXFrameworksBuildPhase;
			buildActionMask = 2147483647;
			files = (
				6E7A00000000000000000071 /* ALLaunchGuard in Frameworks */,
			);
			runOnlyForDeploymentPostprocessing = 0;
		};
/* End PBXFrameworksBuildPhase section */

/* Begin PBXGroup section */
		6E7A00000000000000000003 = {
			isa = PBXGroup;
			children = (
				6E7A00000000000000000004 /* BasicExample */,
				6E7A00000000000000000005 /* Products */,
			);
			sourceTree = "<group>";
		};
		6E7A00000000000000000004 /* BasicExample */ = {
			isa = PBXGroup;
			children = (
				6E7A00000000000000000011 /* AppDelegate.swift */,
				6E7A00000000000000000012 /* HomeViewController.swift */,
				6E7A00000000000000000013 /* ClearDemoDataAction.swift */,
				6E7A00000000000000000016 /* CrashSimulator.swift */,
				6E7A00000000000000000017 /* SafeModeLogBuffer.swift */,
				6E7A00000000000000000014 /* Info.plist */,
			);
			path = BasicExample;
			sourceTree = "<group>";
		};
		6E7A00000000000000000005 /* Products */ = {
			isa = PBXGroup;
			children = (
				6E7A00000000000000000015 /* BasicExample.app */,
			);
			name = Products;
			sourceTree = "<group>";
		};
/* End PBXGroup section */

/* Begin PBXNativeTarget section */
		6E7A00000000000000000002 /* BasicExample */ = {
			isa = PBXNativeTarget;
			buildConfigurationList = 6E7A00000000000000000042 /* Build configuration list for PBXNativeTarget "BasicExample" */;
			buildPhases = (
				6E7A00000000000000000031 /* Sources */,
				6E7A00000000000000000032 /* Frameworks */,
				6E7A00000000000000000033 /* Resources */,
			);
			buildRules = (
			);
			dependencies = (
			);
			name = BasicExample;
			packageProductDependencies = (
				6E7A00000000000000000072 /* ALLaunchGuard */,
			);
			productName = BasicExample;
			productReference = 6E7A00000000000000000015 /* BasicExample.app */;
			productType = "com.apple.product-type.application";
		};
/* End PBXNativeTarget section */

/* Begin PBXProject section */
		6E7A00000000000000000001 /* Project object */ = {
			isa = PBXProject;
			attributes = {
				BuildIndependentTargetsInParallel = 1;
				LastSwiftUpdateCheck = 1540;
				LastUpgradeCheck = 1540;
				TargetAttributes = {
					6E7A00000000000000000002 = {
						CreatedOnToolsVersion = 15.4;
					};
				};
			};
			buildConfigurationList = 6E7A00000000000000000041 /* Build configuration list for PBXProject "BasicExample" */;
			compatibilityVersion = "Xcode 14.0";
			developmentRegion = en;
			hasScannedForEncodings = 0;
			knownRegions = (
				en,
				"zh-Hans",
				Base,
			);
			mainGroup = 6E7A00000000000000000003;
			packageReferences = (
				6E7A00000000000000000061 /* XCLocalSwiftPackageReference:../../ */,
			);
			productRefGroup = 6E7A00000000000000000005 /* Products */;
			projectDirPath = "";
			projectRoot = "";
			targets = (
				6E7A00000000000000000002 /* BasicExample */,
			);
		};
/* End PBXProject section */

/* Begin PBXResourcesBuildPhase section */
		6E7A00000000000000000033 /* Resources */ = {
			isa = PBXResourcesBuildPhase;
			buildActionMask = 2147483647;
			files = (
			);
			runOnlyForDeploymentPostprocessing = 0;
		};
/* End PBXResourcesBuildPhase section */

/* Begin PBXSourcesBuildPhase section */
		6E7A00000000000000000031 /* Sources */ = {
			isa = PBXSourcesBuildPhase;
			buildActionMask = 2147483647;
			files = (
				6E7A00000000000000000021 /* AppDelegate.swift in Sources */,
				6E7A00000000000000000022 /* HomeViewController.swift in Sources */,
				6E7A00000000000000000023 /* ClearDemoDataAction.swift in Sources */,
				6E7A00000000000000000024 /* CrashSimulator.swift in Sources */,
				6E7A00000000000000000025 /* SafeModeLogBuffer.swift in Sources */,
			);
			runOnlyForDeploymentPostprocessing = 0;
		};
/* End PBXSourcesBuildPhase section */

/* Begin XCBuildConfiguration section */
		6E7A00000000000000000051 /* Debug */ = {
			isa = XCBuildConfiguration;
			buildSettings = {
				ALWAYS_SEARCH_USER_PATHS = NO;
				CLANG_ENABLE_MODULES = YES;
				CLANG_ENABLE_OBJC_ARC = YES;
				COPY_PHASE_STRIP = NO;
				DEBUG_INFORMATION_FORMAT = dwarf;
				ENABLE_STRICT_OBJC_MSGSEND = YES;
				ENABLE_TESTABILITY = YES;
				GCC_C_LANGUAGE_STANDARD = gnu11;
				GCC_DYNAMIC_NO_PIC = NO;
				GCC_OPTIMIZATION_LEVEL = 0;
				GCC_PREPROCESSOR_DEFINITIONS = (
					"DEBUG=1",
					"$(inherited)",
				);
				IPHONEOS_DEPLOYMENT_TARGET = 14.0;
				MTL_ENABLE_DEBUG_INFO = INCLUDE_SOURCE;
				MTL_FAST_MATH = YES;
				ONLY_ACTIVE_ARCH = YES;
				SDKROOT = iphoneos;
				SWIFT_ACTIVE_COMPILATION_CONDITIONS = DEBUG;
				SWIFT_OPTIMIZATION_LEVEL = "-Onone";
			};
			name = Debug;
		};
		6E7A00000000000000000052 /* Release */ = {
			isa = XCBuildConfiguration;
			buildSettings = {
				ALWAYS_SEARCH_USER_PATHS = NO;
				CLANG_ENABLE_MODULES = YES;
				CLANG_ENABLE_OBJC_ARC = YES;
				COPY_PHASE_STRIP = NO;
				DEBUG_INFORMATION_FORMAT = "dwarf-with-dsym";
				ENABLE_NS_ASSERTIONS = NO;
				ENABLE_STRICT_OBJC_MSGSEND = YES;
				GCC_C_LANGUAGE_STANDARD = gnu11;
				IPHONEOS_DEPLOYMENT_TARGET = 14.0;
				MTL_ENABLE_DEBUG_INFO = NO;
				SDKROOT = iphoneos;
				SWIFT_COMPILATION_MODE = wholemodule;
				SWIFT_OPTIMIZATION_LEVEL = "-O";
				VALIDATE_PRODUCT = YES;
			};
			name = Release;
		};
		6E7A00000000000000000053 /* Debug */ = {
			isa = XCBuildConfiguration;
			buildSettings = {
				CODE_SIGNING_ALLOWED = NO;
				CODE_SIGN_IDENTITY = "";
				CURRENT_PROJECT_VERSION = 1;
				GENERATE_INFOPLIST_FILE = NO;
				INFOPLIST_FILE = BasicExample/Info.plist;
				IPHONEOS_DEPLOYMENT_TARGET = 14.0;
				LD_RUNPATH_SEARCH_PATHS = (
					"$(inherited)",
					"@executable_path/Frameworks",
				);
				MARKETING_VERSION = 1.0;
				PRODUCT_BUNDLE_IDENTIFIER = com.anyeler.allaunchguard.basicexample;
				PRODUCT_NAME = "$(TARGET_NAME)";
				SWIFT_EMIT_LOC_STRINGS = NO;
				SWIFT_VERSION = 5.0;
				TARGETED_DEVICE_FAMILY = "1,2";
			};
			name = Debug;
		};
		6E7A00000000000000000054 /* Release */ = {
			isa = XCBuildConfiguration;
			buildSettings = {
				CODE_SIGNING_ALLOWED = NO;
				CODE_SIGN_IDENTITY = "";
				CURRENT_PROJECT_VERSION = 1;
				GENERATE_INFOPLIST_FILE = NO;
				INFOPLIST_FILE = BasicExample/Info.plist;
				IPHONEOS_DEPLOYMENT_TARGET = 14.0;
				LD_RUNPATH_SEARCH_PATHS = (
					"$(inherited)",
					"@executable_path/Frameworks",
				);
				MARKETING_VERSION = 1.0;
				PRODUCT_BUNDLE_IDENTIFIER = com.anyeler.allaunchguard.basicexample;
				PRODUCT_NAME = "$(TARGET_NAME)";
				SWIFT_EMIT_LOC_STRINGS = NO;
				SWIFT_VERSION = 5.0;
				TARGETED_DEVICE_FAMILY = "1,2";
			};
			name = Release;
		};
/* End XCBuildConfiguration section */

/* Begin XCConfigurationList section */
		6E7A00000000000000000041 /* Build configuration list for PBXProject "BasicExample" */ = {
			isa = XCConfigurationList;
			buildConfigurations = (
				6E7A00000000000000000051 /* Debug */,
				6E7A00000000000000000052 /* Release */,
			);
			defaultConfigurationIsVisible = 0;
			defaultConfigurationName = Release;
		};
		6E7A00000000000000000042 /* Build configuration list for PBXNativeTarget "BasicExample" */ = {
			isa = XCConfigurationList;
			buildConfigurations = (
				6E7A00000000000000000053 /* Debug */,
				6E7A00000000000000000054 /* Release */,
			);
			defaultConfigurationIsVisible = 0;
			defaultConfigurationName = Release;
		};
/* End XCConfigurationList section */

/* Begin XCLocalSwiftPackageReference section */
		6E7A00000000000000000061 /* XCLocalSwiftPackageReference:../../ */ = {
			isa = XCLocalSwiftPackageReference;
			relativePath = ../../;
		};
/* End XCLocalSwiftPackageReference section */

/* Begin XCSwiftPackageProductDependency section */
		6E7A00000000000000000072 /* ALLaunchGuard */ = {
			isa = XCSwiftPackageProductDependency;
			productName = ALLaunchGuard;
		};
/* End XCSwiftPackageProductDependency section */
	};
	rootObject = 6E7A00000000000000000001 /* Project object */;
}
